
Microsoft Visual Studio Solution File, Format Version 12.00
# Visual Studio Version 16
VisualStudioVersion = 16.0.28407.52
MinimumVisualStudioVersion = 10.0.40219.1
Project("{9A19103F-16F7-4668-BE54-9A1E7A4F7556}") = "Problem009", "Problem009\Problem009.csproj", "{F714704A-8D73-4AB2-B296-E0C76B620140}"
EndProject
Project("{9A19103F-16F7-4668-BE54-9A1E7A4F7556}") = "Problem010", "Problem010\Problem010.csproj", "{BA27FEA5-3BAD-4A50-8878-5295C8601789}"
EndProject
Project("{9A19103F-16F7-4668-BE54-9A1E7A4F7556}") = "Problem011", "Problem011\Problem011.csproj", "{A7921346-8AEC-40FA-A519-486677D3B37B}"
EndProject
Project("{FAE04EC0-301F-11D3-BF4B-00C04F79EFBC}") = "Problem012", "Problem012\Problem012.csproj", "{AF431AD4-4C9D-4D0A-81BE-8E138D5D2DBB}"
EndProject
Global
	GlobalSection(SolutionConfigurationPlatforms) = preSolution
		Debug|Any CPU = Debug|Any CPU
		Release|Any CPU = Release|Any CPU
	EndGlobalSection
	GlobalSection(ProjectConfigurationPlatforms) = postSolution
		{F714704A-8D73-4AB2-B296-E0C76B620140}.Debug|Any CPU.ActiveCfg = Debug|Any CPU
		{F714704A-8D73-4AB2-B296-E0C76B620140}.Debug|Any CPU.Build.0 = Debug|Any CPU
		{F714704A-8D73-4AB2-B296-E0C76B620140}.Release|Any CPU.ActiveCfg = Release|Any CPU
		{F714704A-8D73-4AB2-B296-E0C76B620140}.Release|Any CPU.Build.0 = Release|Any CPU
		{BA27FEA5-3BAD-4A50-8878-5295C8601789}.Debug|Any CPU.ActiveCfg = Debug|Any CPU
		{BA27FEA5-3BAD-4A50-8878-5295C8601789}.Debug|Any CPU.Build.0 = Debug|Any CPU
		{BA27FEA5-3BAD-4A50-8878-5295C8601789}.Release|Any CPU.ActiveCfg = Release|Any CPU
		{BA27FEA5-3BAD-4A50-8878-5295C8601789}.Release|Any CPU.Build.0 = Release|Any CPU
		{A7921346-8AEC-40FA-A519-486677D3B37B}.Debug|Any CPU.ActiveCfg = Debug|Any CPU
		{A7921346-8AEC-40FA-A519-486677D3B37B}.Debug|Any CPU.Build.0 = Debug|Any CPU
		{A7921346-8AEC-40FA-A519-486677D3B37B}.Release|Any CPU.ActiveCfg = Release|Any CPU
		{A7921346-8AEC-40FA-A519-486677D3B37B}.Release|Any CPU.Build.0 = Release|Any CPU
		{AF431AD4-4C9D-4D0A-81BE-8E138D5D2DBB}.Debug|Any CPU.ActiveCfg = Debug|Any CPU
		{AF431AD4-4C9D-4D0A-81BE-8E138D5D2DBB}.Debug|Any CPU.Build.0 = Debug|Any CPU
		{AF431AD4-4C9D-4D0A-81BE-8E138D5D2DBB}.Release|Any CPU.ActiveCfg = Release|Any CPU
		{AF431AD4-4C9D-4D0A-81BE-8E138D5D2DBB}.Release|Any CPU.Build.0 = Release|Any CPU
	EndGlobalSection
	GlobalSection(SolutionProperties) = preSolution
		HideSolutionNode = FALSE
	EndGlobalSection
	GlobalSection(ExtensibilityGlobals) = postSolution
		SolutionGuid = {6B05A182-EF0C-464C-9236-7B5BEA24D609}
	EndGlobalSection
EndGlobal
